
Microsoft Visual Studio Solution File, Format Version 12.00
# Visual Studio Version 16
VisualStudioVersion = 16.0.30804.86
MinimumVisualStudioVersion = 10.0.40219.1
Project("{FAE04EC0-301F-11D3-BF4B-00C04F79EFBC}") = "webjetbackendapi", "webjetbackendapi\webjetbackendapi.csproj", "{19FC7A51-93A0-4E4B-B56F-79C01B82DE18}"
EndProject
Global
	GlobalSection(SolutionConfigurationPlatforms) = preSolution
		Debug|Any CPU = Debug|Any CPU
		Release|Any CPU = Release|Any CPU
	EndGlobalSection
	GlobalSection(ProjectConfigurationPlatforms) = postSolution
		{19FC7A51-93A0-4E4B-B56F-79C01B82DE18}.Debug|Any CPU.ActiveCfg = Debug|Any CPU
		{19FC7A51-93A0-4E4B-B56F-79C01B82DE18}.Debug|Any CPU.Build.0 = Debug|Any CPU
		{19FC7A51-93A0-4E4B-B56F-79C01B82DE18}.Release|Any CPU.ActiveCfg = Release|Any CPU
		{19FC7A51-93A0-4E4B-B56F-79C01B82DE18}.Release|Any CPU.Build.0 = Release|Any CPU
	EndGlobalSection
	GlobalSection(SolutionProperties) = preSolution
		HideSolutionNode = FALSE
	EndGlobalSection
	GlobalSection(ExtensibilityGlobals) = postSolution
		SolutionGuid = {F94406CD-1B61-4CEC-A109-0B8B3D5AA4BD}
	EndGlobalSection
EndGlobal
